lockfileVersion: '9.0'

settings:
  autoInstallPeers: true
  excludeLinksFromLockfile: false

importers:

  .:
    dependencies:
      bootstrap:
        specifier: ^5.3.8
        version: 5.3.8(@popperjs/core@2.11.8)
      htmx.org:
        specifier: ^2.0.8
        version: 2.0.8
      idiomorph:
        specifier: ^0.7.4
        version: 0.7.4

packages:

  '@popperjs/core@2.11.8':
    resolution: {integrity: sha512-P1st0aksCrn9sGZhp8GMYwBnQsbvAWsZAX44oXNNvLHGqAOcoVxmjZiohstwQ7SqKnbR47akdNi+uleWD8+g6A==}

  bootstrap@5.3.8:
    resolution: {integrity: sha512-HP1SZDqaLDPwsNiqRqi5NcP0SSXciX2s9E+RyqJIIqGo+vJeN5AJVM98CXmW/Wux0nQ5L7jeWUdplCEf0Ee+tg==}
    peerDependencies:
      '@popperjs/core': ^2.11.8

  htmx.org@2.0.8:
    resolution: {integrity: sha512-fm297iru0iWsNJlBrjvtN7V9zjaxd+69Oqjh4F/Vq9Wwi2kFisLcrLCiv5oBX0KLfOX/zG8AUo9ROMU5XUB44Q==}

  idiomorph@0.7.4:
    resolution: {integrity: sha512-uCdSpLo3uMfqOmrwXTpR1k/sq4sSmKC7l4o/LdJOEU+MMMq+wkevRqOQYn3lP7vfz9Mv+USBEqPvi0XhdL9ENw==}

snapshots:

  '@popperjs/core@2.11.8': {}

  bootstrap@5.3.8(@popperjs/core@2.11.8):
    dependencies:
      '@popperjs/core': 2.11.8

  htmx.org@2.0.8: {}

  idiomorph@0.7.4: {}
